{
  "name": "registry-demo",
  "version": "1.0.0",
  "lockfileVersion": 1,
  "requires": true,
  "dependencies": {
    "now": {
      "version": "12.1.5",
      "resolved": "https://registry.npmjs.org/now/-/now-12.1.5.tgz",
      "integrity": "sha512-vVqUvQN28kCotS6QJXXYDN/YNn++OQoD1vhU+KVPNdCMBMWm94i6LOlg5E4N/4V6/mwklIEhtYMqvNVccYZ7Dg==",
      "dev": true
    }
  }
}
